// !$*UTF8*$!
{
	archiveVersion = 1;
	classes = {
	};
	objectVersion = 56;
	objects = {

/* Begin PBXBuildFile section */
		800BA7512BB24798006A46C3 /* NetworkManager.swift in Sources */ = {isa = PBXBuildFile; fileRef = 800BA7502BB24798006A46C3 /* NetworkManager.swift */; };
		800BA7552BB29427006A46C3 /* CurrencyListVC.swift in Sources */ = {isa = PBXBuildFile; fileRef = 800BA7542BB29427006A46C3 /* CurrencyListVC.swift */; };
		800BA7572BB2943A006A46C3 /* CurrencyListView.swift in Sources */ = {isa = PBXBuildFile; fileRef = 800BA7562BB2943A006A46C3 /* CurrencyListView.swift */; };
		800BA75A2BB29515006A46C3 /* CurrencyCell.swift in Sources */ = {isa = PBXBuildFile; fileRef = 800BA7592BB29515006A46C3 /* CurrencyCell.swift */; };
		801E1F232BAA21AA0081ECAB /* OnboardingView.swift in Sources */ = {isa = PBXBuildFile; fileRef = 801E1F222BAA21AA0081ECAB /* OnboardingView.swift */; };
		801E1F252BAA2CEA0081ECAB /* OnboardingVC.swift in Sources */ = {isa = PBXBuildFile; fileRef = 801E1F242BAA2CEA0081ECAB /* OnboardingVC.swift */; };
		801E1F282BAA3B240081ECAB /* HolidaysVC.swift in Sources */ = {isa = PBXBuildFile; fileRef = 801E1F272BAA3B240081ECAB /* HolidaysVC.swift */; };
		801E1F2A2BAA3B2B0081ECAB /* HolidaysView.swift in Sources */ = {isa = PBXBuildFile; fileRef = 801E1F292BAA3B2B0081ECAB /* HolidaysView.swift */; };
		801E1F2D2BAA3BC30081ECAB /* TotalInfoView.swift in Sources */ = {isa = PBXBuildFile; fileRef = 801E1F2C2BAA3BC30081ECAB /* TotalInfoView.swift */; };
		801E1F302BAA4CBC0081ECAB /* SettingsVC.swift in Sources */ = {isa = PBXBuildFile; fileRef = 801E1F2F2BAA4CBC0081ECAB /* SettingsVC.swift */; };
		801E1F322BAA4CCC0081ECAB /* SettingsView.swift in Sources */ = {isa = PBXBuildFile; fileRef = 801E1F312BAA4CCC0081ECAB /* SettingsView.swift */; };
		801E1F352BAA4CFD0081ECAB /* SettingsButtonView.swift in Sources */ = {isa = PBXBuildFile; fileRef = 801E1F342BAA4CFD0081ECAB /* SettingsButtonView.swift */; };
		8090166E2BAE173400942AE7 /* EditCardsVC.swift in Sources */ = {isa = PBXBuildFile; fileRef = 8090166D2BAE173400942AE7 /* EditCardsVC.swift */; };
		809016702BAE185F00942AE7 /* EditCardView.swift in Sources */ = {isa = PBXBuildFile; fileRef = 8090166F2BAE185F00942AE7 /* EditCardView.swift */; };
		809016732BAE22E100942AE7 /* CalculationsVC.swift in Sources */ = {isa = PBXBuildFile; fileRef = 809016722BAE22E100942AE7 /* CalculationsVC.swift */; };
		809016752BAE234A00942AE7 /* CalculationsView.swift in Sources */ = {isa = PBXBuildFile; fileRef = 809016742BAE234A00942AE7 /* CalculationsView.swift */; };
		809016782BAE289B00942AE7 /* CurrencyPairView.swift in Sources */ = {isa = PBXBuildFile; fileRef = 809016772BAE289B00942AE7 /* CurrencyPairView.swift */; };
		8090167C2BAE3B3400942AE7 /* CalculationResultVC.swift in Sources */ = {isa = PBXBuildFile; fileRef = 8090167B2BAE3B3400942AE7 /* CalculationResultVC.swift */; };
		8090167E2BAE3B4100942AE7 /* CalculationResultView.swift in Sources */ = {isa = PBXBuildFile; fileRef = 8090167D2BAE3B4100942AE7 /* CalculationResultView.swift */; };
		809016812BAE417700942AE7 /* IQKeyboardManagerSwift in Frameworks */ = {isa = PBXBuildFile; productRef = 809016802BAE417700942AE7 /* IQKeyboardManagerSwift */; };
		809904522BA983480010334C /* AppDelegate.swift in Sources */ = {isa = PBXBuildFile; fileRef = 809904512BA983480010334C /* AppDelegate.swift */; };
		809904542BA983480010334C /* SceneDelegate.swift in Sources */ = {isa = PBXBuildFile; fileRef = 809904532BA983480010334C /* SceneDelegate.swift */; };
		8099045C2BA983480010334C /* InterlinkedKnowledge.xcdatamodeld in Sources */ = {isa = PBXBuildFile; fileRef = 8099045A2BA983480010334C /* InterlinkedKnowledge.xcdatamodeld */; };
		8099045E2BA9834D0010334C /* Assets.xcassets in Resources */ = {isa = PBXBuildFile; fileRef = 8099045D2BA9834D0010334C /* Assets.xcassets */; };
		809904612BA9834D0010334C /* LaunchScreen.storyboard in Resources */ = {isa = PBXBuildFile; fileRef = 8099045F2BA9834D0010334C /* LaunchScreen.storyboard */; };
		8099047E2BA9A3C00010334C /* BaseViewController.swift in Sources */ = {isa = PBXBuildFile; fileRef = 809904722BA9A3A20010334C /* BaseViewController.swift */; };
		8099047F2BA9A3C50010334C /* Date + Extension.swift in Sources */ = {isa = PBXBuildFile; fileRef = 8099047A2BA9A3A30010334C /* Date + Extension.swift */; };
		809904802BA9A3C50010334C /* Font + Extention.swift in Sources */ = {isa = PBXBuildFile; fileRef = 8099047C2BA9A3A30010334C /* Font + Extention.swift */; };
		809904812BA9A3C50010334C /* MyColors.swift in Sources */ = {isa = PBXBuildFile; fileRef = 809904792BA9A3A30010334C /* MyColors.swift */; };
		809904822BA9A3C50010334C /* Double + Extension .swift in Sources */ = {isa = PBXBuildFile; fileRef = 809904782BA9A3A20010334C /* Double + Extension .swift */; };
		809904832BA9A3C50010334C /* TabBarController.swift in Sources */ = {isa = PBXBuildFile; fileRef = 8099047B2BA9A3A30010334C /* TabBarController.swift */; };
		809904842BA9A3CB0010334C /* CustomPageControlView.swift in Sources */ = {isa = PBXBuildFile; fileRef = 809904772BA9A3A20010334C /* CustomPageControlView.swift */; };
		809904852BA9A3CB0010334C /* CustomTextFieldView.swift in Sources */ = {isa = PBXBuildFile; fileRef = 809904752BA9A3A20010334C /* CustomTextFieldView.swift */; };
		809904862BA9A3CB0010334C /* ProfileButtonView.swift in Sources */ = {isa = PBXBuildFile; fileRef = 809904742BA9A3A20010334C /* ProfileButtonView.swift */; };
		809904872BA9A3CB0010334C /* CustomButtonView.swift in Sources */ = {isa = PBXBuildFile; fileRef = 809904762BA9A3A20010334C /* CustomButtonView.swift */; };
		809904882BA9A3DC0010334C /* OnboardingData.swift in Sources */ = {isa = PBXBuildFile; fileRef = 8099046F2BA9A39D0010334C /* OnboardingData.swift */; };
		8099048C2BA9A3E10010334C /* SplashVC.swift in Sources */ = {isa = PBXBuildFile; fileRef = 8099046A2BA9A3960010334C /* SplashVC.swift */; };
		8099048D2BA9A3E10010334C /* SplashView.swift in Sources */ = {isa = PBXBuildFile; fileRef = 8099046B2BA9A3960010334C /* SplashView.swift */; };
		809904952BA9A6180010334C /* SnapKit in Frameworks */ = {isa = PBXBuildFile; productRef = 809904942BA9A6180010334C /* SnapKit */; };
		80AB8E842BB1967300851682 /* HolidayCost.swift in Sources */ = {isa = PBXBuildFile; fileRef = 80AB8E822BB1967300851682 /* HolidayCost.swift */; };
		80AB8E882BB1985F00851682 /* HolidayCostCell.swift in Sources */ = {isa = PBXBuildFile; fileRef = 80AB8E872BB1985F00851682 /* HolidayCostCell.swift */; };
		80DB41E92BB346A60081CFCE /* String + Extension.swift in Sources */ = {isa = PBXBuildFile; fileRef = 80DB41E82BB346A60081CFCE /* String + Extension.swift */; };
		80DB41EC2BB34D8B0081CFCE /* CurrencyInfoVC.swift in Sources */ = {isa = PBXBuildFile; fileRef = 80DB41EB2BB34D8B0081CFCE /* CurrencyInfoVC.swift */; };
		80DB41EE2BB34D960081CFCE /* CurrencyInfoView.swift in Sources */ = {isa = PBXBuildFile; fileRef = 80DB41ED2BB34D960081CFCE /* CurrencyInfoView.swift */; };
		80F75B952BACEE1A004C97AF /* AddHolidayVC.swift in Sources */ = {isa = PBXBuildFile; fileRef = 80F75B942BACEE1A004C97AF /* AddHolidayVC.swift */; };
		80F75B972BACEE26004C97AF /* AddHolidayView.swift in Sources */ = {isa = PBXBuildFile; fileRef = 80F75B962BACEE26004C97AF /* AddHolidayView.swift */; };
		80F75B992BACF6F9004C97AF /* TopRightButton.swift in Sources */ = {isa = PBXBuildFile; fileRef = 80F75B982BACF6F9004C97AF /* TopRightButton.swift */; };
		80F75B9C2BAD039C004C97AF /* CoreDataManager.swift in Sources */ = {isa = PBXBuildFile; fileRef = 80F75B9B2BAD039C004C97AF /* CoreDataManager.swift */; };
		80F75BA92BAD0506004C97AF /* Holiday.swift in Sources */ = {isa = PBXBuildFile; fileRef = 80F75BA72BAD0506004C97AF /* Holiday.swift */; };
		80F75BAC2BAD0734004C97AF /* ModalVC.swift in Sources */ = {isa = PBXBuildFile; fileRef = 80F75BAB2BAD0734004C97AF /* ModalVC.swift */; };
		80F75BAF2BAD08A6004C97AF /* HolidayCell.swift in Sources */ = {isa = PBXBuildFile; fileRef = 80F75BAE2BAD08A6004C97AF /* HolidayCell.swift */; };
		80F75BB32BAD14B0004C97AF /* HolidayInfoVC.swift in Sources */ = {isa = PBXBuildFile; fileRef = 80F75BB22BAD14B0004C97AF /* HolidayInfoVC.swift */; };
		80F75BB52BAD14E7004C97AF /* HolidayInfoView.swift in Sources */ = {isa = PBXBuildFile; fileRef = 80F75BB42BAD14E7004C97AF /* HolidayInfoView.swift */; };
/* End PBXBuildFile section */

/* Begin PBXCopyFilesBuildPhase section */
		809904992BA9A64C0010334C /* Embed Frameworks */ = {
			isa = PBXCopyFilesBuildPhase;
			buildActionMask = 2147483647;
			dstPath = "";
			dstSubfolderSpec = 10;
			files = (
			);
			name = "Embed Frameworks";
			runOnlyForDeploymentPostprocessing = 0;
		};
/* End PBXCopyFilesBuildPhase section */

/* Begin PBXFileReference section */
		800BA7502BB24798006A46C3 /* NetworkManager.swift */ = {isa = PBXFileReference; lastKnownFileType = sourcecode.swift; path = NetworkManager.swift; sourceTree = "<group>"; };
		800BA7542BB29427006A46C3 /* CurrencyListVC.swift */ = {isa = PBXFileReference; lastKnownFileType = sourcecode.swift; path = CurrencyListVC.swift; sourceTree = "<group>"; };
		800BA7562BB2943A006A46C3 /* CurrencyListView.swift */ = {isa = PBXFileReference; lastKnownFileType = sourcecode.swift; path = CurrencyListView.swift; sourceTree = "<group>"; };
		800BA7592BB29515006A46C3 /* CurrencyCell.swift */ = {isa = PBXFileReference; lastKnownFileType = sourcecode.swift; path = CurrencyCell.swift; sourceTree = "<group>"; };
		801E1F222BAA21AA0081ECAB /* OnboardingView.swift */ = {isa = PBXFileReference; lastKnownFileType = sourcecode.swift; path = OnboardingView.swift; sourceTree = "<group>"; };
		801E1F242BAA2CEA0081ECAB /* OnboardingVC.swift */ = {isa = PBXFileReference; lastKnownFileType = sourcecode.swift; path = OnboardingVC.swift; sourceTree = "<group>"; };
		801E1F272BAA3B240081ECAB /* HolidaysVC.swift */ = {isa = PBXFileReference; lastKnownFileType = sourcecode.swift; path = HolidaysVC.swift; sourceTree = "<group>"; };
		801E1F292BAA3B2B0081ECAB /* HolidaysView.swift */ = {isa = PBXFileReference; lastKnownFileType = sourcecode.swift; path = HolidaysView.swift; sourceTree = "<group>"; };
		801E1F2C2BAA3BC30081ECAB /* TotalInfoView.swift */ = {isa = PBXFileReference; lastKnownFileType = sourcecode.swift; path = TotalInfoView.swift; sourceTree = "<group>"; };
		801E1F2F2BAA4CBC0081ECAB /* SettingsVC.swift */ = {isa = PBXFileReference; lastKnownFileType = sourcecode.swift; path = SettingsVC.swift; sourceTree = "<group>"; };
		801E1F312BAA4CCC0081ECAB /* SettingsView.swift */ = {isa = PBXFileReference; lastKnownFileType = sourcecode.swift; path = SettingsView.swift; sourceTree = "<group>"; };
		801E1F342BAA4CFD0081ECAB /* SettingsButtonView.swift */ = {isa = PBXFileReference; lastKnownFileType = sourcecode.swift; path = SettingsButtonView.swift; sourceTree = "<group>"; };
		8090166D2BAE173400942AE7 /* EditCardsVC.swift */ = {isa = PBXFileReference; lastKnownFileType = sourcecode.swift; path = EditCardsVC.swift; sourceTree = "<group>"; };
		8090166F2BAE185F00942AE7 /* EditCardView.swift */ = {isa = PBXFileReference; lastKnownFileType = sourcecode.swift; path = EditCardView.swift; sourceTree = "<group>"; };
		809016722BAE22E100942AE7 /* CalculationsVC.swift */ = {isa = PBXFileReference; lastKnownFileType = sourcecode.swift; path = CalculationsVC.swift; sourceTree = "<group>"; };
		809016742BAE234A00942AE7 /* CalculationsView.swift */ = {isa = PBXFileReference; lastKnownFileType = sourcecode.swift; path = CalculationsView.swift; sourceTree = "<group>"; };
		809016772BAE289B00942AE7 /* CurrencyPairView.swift */ = {isa = PBXFileReference; lastKnownFileType = sourcecode.swift; path = CurrencyPairView.swift; sourceTree = "<group>"; };
		8090167B2BAE3B3400942AE7 /* CalculationResultVC.swift */ = {isa = PBXFileReference; lastKnownFileType = sourcecode.swift; path = CalculationResultVC.swift; sourceTree = "<group>"; };
		8090167D2BAE3B4100942AE7 /* CalculationResultView.swift */ = {isa = PBXFileReference; lastKnownFileType = sourcecode.swift; path = CalculationResultView.swift; sourceTree = "<group>"; };
		8099044E2BA983480010334C /* InterlinkedKnowledge.app */ = {isa = PBXFileReference; explicitFileType = wrapper.application; includeInIndex = 0; path = InterlinkedKnowledge.app; sourceTree = BUILT_PRODUCTS_DIR; };
		809904512BA983480010334C /* AppDelegate.swift */ = {isa = PBXFileReference; lastKnownFileType = sourcecode.swift; path = AppDelegate.swift; sourceTree = "<group>"; };
		809904532BA983480010334C /* SceneDelegate.swift */ = {isa = PBXFileReference; lastKnownFileType = sourcecode.swift; path = SceneDelegate.swift; sourceTree = "<group>"; };
		8099045B2BA983480010334C /* InterlinkedKnowledge.xcdatamodel */ = {isa = PBXFileReference; lastKnownFileType = wrapper.xcdatamodel; path = InterlinkedKnowledge.xcdatamodel; sourceTree = "<group>"; };
		8099045D2BA9834D0010334C /* Assets.xcassets */ = {isa = PBXFileReference; lastKnownFileType = folder.assetcatalog; path = Assets.xcassets; sourceTree = "<group>"; };
		809904602BA9834D0010334C /* Base */ = {isa = PBXFileReference; lastKnownFileType = file.storyboard; name = Base; path = Base.lproj/LaunchScreen.storyboard; sourceTree = "<group>"; };
		809904622BA9834D0010334C /* Info.plist */ = {isa = PBXFileReference; lastKnownFileType = text.plist.xml; path = Info.plist; sourceTree = "<group>"; };
		8099046A2BA9A3960010334C /* SplashVC.swift */ = {isa = PBXFileReference; lastKnownFileType = sourcecode.swift; path = SplashVC.swift; sourceTree = "<group>"; };
		8099046B2BA9A3960010334C /* SplashView.swift */ = {isa = PBXFileReference; lastKnownFileType = sourcecode.swift; path = SplashView.swift; sourceTree = "<group>"; };
		8099046F2BA9A39D0010334C /* OnboardingData.swift */ = {isa = PBXFileReference; lastKnownFileType = sourcecode.swift; path = OnboardingData.swift; sourceTree = "<group>"; };
		809904722BA9A3A20010334C /* BaseViewController.swift */ = {isa = PBXFileReference; lastKnownFileType = sourcecode.swift; path = BaseViewController.swift; sourceTree = "<group>"; };
		809904742BA9A3A20010334C /* ProfileButtonView.swift */ = {isa = PBXFileReference; lastKnownFileType = sourcecode.swift; path = ProfileButtonView.swift; sourceTree = "<group>"; };
		809904752BA9A3A20010334C /* CustomTextFieldView.swift */ = {isa = PBXFileReference; lastKnownFileType = sourcecode.swift; path = CustomTextFieldView.swift; sourceTree = "<group>"; };
		809904762BA9A3A20010334C /* CustomButtonView.swift */ = {isa = PBXFileReference; lastKnownFileType = sourcecode.swift; path = CustomButtonView.swift; sourceTree = "<group>"; };
		809904772BA9A3A20010334C /* CustomPageControlView.swift */ = {isa = PBXFileReference; lastKnownFileType = sourcecode.swift; path = CustomPageControlView.swift; sourceTree = "<group>"; };
		809904782BA9A3A20010334C /* Double + Extension .swift */ = {isa = PBXFileReference; lastKnownFileType = sourcecode.swift; path = "Double + Extension .swift"; sourceTree = "<group>"; };
		809904792BA9A3A30010334C /* MyColors.swift */ = {isa = PBXFileReference; lastKnownFileType = sourcecode.swift; path = MyColors.swift; sourceTree = "<group>"; };
		8099047A2BA9A3A30010334C /* Date + Extension.swift */ = {isa = PBXFileReference; lastKnownFileType = sourcecode.swift; path = "Date + Extension.swift"; sourceTree = "<group>"; };
		8099047B2BA9A3A30010334C /* TabBarController.swift */ = {isa = PBXFileReference; lastKnownFileType = sourcecode.swift; path = TabBarController.swift; sourceTree = "<group>"; };
		8099047C2BA9A3A30010334C /* Font + Extention.swift */ = {isa = PBXFileReference; lastKnownFileType = sourcecode.swift; path = "Font + Extention.swift"; sourceTree = "<group>"; };
		80AB8E822BB1967300851682 /* HolidayCost.swift */ = {isa = PBXFileReference; lastKnownFileType = sourcecode.swift; path = HolidayCost.swift; sourceTree = "<group>"; };
		80AB8E872BB1985F00851682 /* HolidayCostCell.swift */ = {isa = PBXFileReference; lastKnownFileType = sourcecode.swift; path = HolidayCostCell.swift; sourceTree = "<group>"; };
		80DB41E82BB346A60081CFCE /* String + Extension.swift */ = {isa = PBXFileReference; lastKnownFileType = sourcecode.swift; path = "String + Extension.swift"; sourceTree = "<group>"; };
		80DB41EB2BB34D8B0081CFCE /* CurrencyInfoVC.swift */ = {isa = PBXFileReference; lastKnownFileType = sourcecode.swift; path = CurrencyInfoVC.swift; sourceTree = "<group>"; };
		80DB41ED2BB34D960081CFCE /* CurrencyInfoView.swift */ = {isa = PBXFileReference; lastKnownFileType = sourcecode.swift; path = CurrencyInfoView.swift; sourceTree = "<group>"; };
		80F75B942BACEE1A004C97AF /* AddHolidayVC.swift */ = {isa = PBXFileReference; lastKnownFileType = sourcecode.swift; path = AddHolidayVC.swift; sourceTree = "<group>"; };
		80F75B962BACEE26004C97AF /* AddHolidayView.swift */ = {isa = PBXFileReference; lastKnownFileType = sourcecode.swift; path = AddHolidayView.swift; sourceTree = "<group>"; };
		80F75B982BACF6F9004C97AF /* TopRightButton.swift */ = {isa = PBXFileReference; lastKnownFileType = sourcecode.swift; path = TopRightButton.swift; sourceTree = "<group>"; };
		80F75B9B2BAD039C004C97AF /* CoreDataManager.swift */ = {isa = PBXFileReference; lastKnownFileType = sourcecode.swift; path = CoreDataManager.swift; sourceTree = "<group>"; };
		80F75BA72BAD0506004C97AF /* Holiday.swift */ = {isa = PBXFileReference; lastKnownFileType = sourcecode.swift; path = Holiday.swift; sourceTree = "<group>"; };
		80F75BAB2BAD0734004C97AF /* ModalVC.swift */ = {isa = PBXFileReference; lastKnownFileType = sourcecode.swift; path = ModalVC.swift; sourceTree = "<group>"; };
		80F75BAE2BAD08A6004C97AF /* HolidayCell.swift */ = {isa = PBXFileReference; lastKnownFileType = sourcecode.swift; path = HolidayCell.swift; sourceTree = "<group>"; };
		80F75BB22BAD14B0004C97AF /* HolidayInfoVC.swift */ = {isa = PBXFileReference; lastKnownFileType = sourcecode.swift; path = HolidayInfoVC.swift; sourceTree = "<group>"; };
		80F75BB42BAD14E7004C97AF /* HolidayInfoView.swift */ = {isa = PBXFileReference; lastKnownFileType = sourcecode.swift; path = HolidayInfoView.swift; sourceTree = "<group>"; };
/* End PBXFileReference section */

/* Begin PBXFrameworksBuildPhase section */
		8099044B2BA983480010334C /* Frameworks */ = {
			isa = PBXFrameworksBuildPhase;
			buildActionMask = 2147483647;
			files = (
				809904952BA9A6180010334C /* SnapKit in Frameworks */,
				809016812BAE417700942AE7 /* IQKeyboardManagerSwift in Frameworks */,
			);
			runOnlyForDeploymentPostprocessing = 0;
		};
/* End PBXFrameworksBuildPhase section */

/* Begin PBXGroup section */
		800BA7522BB247AA006A46C3 /* NetworkManager */ = {
			isa = PBXGroup;
			children = (
				800BA7502BB24798006A46C3 /* NetworkManager.swift */,
			);
			path = NetworkManager;
			sourceTree = "<group>";
		};
		800BA7532BB29408006A46C3 /* CurrencyVC */ = {
			isa = PBXGroup;
			children = (
				800BA7582BB29503006A46C3 /* CurrencyCell */,
				800BA7542BB29427006A46C3 /* CurrencyListVC.swift */,
				800BA7562BB2943A006A46C3 /* CurrencyListView.swift */,
			);
			path = CurrencyVC;
			sourceTree = "<group>";
		};
		800BA7582BB29503006A46C3 /* CurrencyCell */ = {
			isa = PBXGroup;
			children = (
				800BA7592BB29515006A46C3 /* CurrencyCell.swift */,
			);
			path = CurrencyCell;
			sourceTree = "<group>";
		};
		801E1F262BAA3B140081ECAB /* Holidays */ = {
			isa = PBXGroup;
			children = (
				8090166C2BAE172200942AE7 /* EditCardsVC */,
				80F75B922BACEDFC004C97AF /* HolidaysVC */,
				80F75BB12BAD1418004C97AF /* HolidayInfoVC */,
				80F75B932BACEE03004C97AF /* AddHolidayVC */,
			);
			path = Holidays;
			sourceTree = "<group>";
		};
		801E1F2B2BAA3BA60081ECAB /* TotalInfoView */ = {
			isa = PBXGroup;
			children = (
				801E1F2C2BAA3BC30081ECAB /* TotalInfoView.swift */,
			);
			path = TotalInfoView;
			sourceTree = "<group>";
		};
		801E1F2E2BAA4C790081ECAB /* SettingsVC */ = {
			isa = PBXGroup;
			children = (
				801E1F332BAA4CE00081ECAB /* SettingsButton */,
				801E1F2F2BAA4CBC0081ECAB /* SettingsVC.swift */,
				801E1F312BAA4CCC0081ECAB /* SettingsView.swift */,
			);
			path = SettingsVC;
			sourceTree = "<group>";
		};
		801E1F332BAA4CE00081ECAB /* SettingsButton */ = {
			isa = PBXGroup;
			children = (
				801E1F342BAA4CFD0081ECAB /* SettingsButtonView.swift */,
			);
			path = SettingsButton;
			sourceTree = "<group>";
		};
		8090166C2BAE172200942AE7 /* EditCardsVC */ = {
			isa = PBXGroup;
			children = (
				8090166F2BAE185F00942AE7 /* EditCardView.swift */,
				8090166D2BAE173400942AE7 /* EditCardsVC.swift */,
			);
			path = EditCardsVC;
			sourceTree = "<group>";
		};
		809016712BAE22C900942AE7 /* Calculations */ = {
			isa = PBXGroup;
			children = (
				80DB41EA2BB34D770081CFCE /* CurrencyInfoVC */,
				800BA7532BB29408006A46C3 /* CurrencyVC */,
				80AB8E862BB1984800851682 /* HolidayCostCell */,
				8090167A2BAE3B1400942AE7 /* CalculationsVC */,
				809016792BAE3B0400942AE7 /* CalculationResultVC */,
			);
			path = Calculations;
			sourceTree = "<group>";
		};
		809016762BAE288900942AE7 /* CurrencyPairView */ = {
			isa = PBXGroup;
			children = (
				809016772BAE289B00942AE7 /* CurrencyPairView.swift */,
			);
			path = CurrencyPairView;
			sourceTree = "<group>";
		};
		809016792BAE3B0400942AE7 /* CalculationResultVC */ = {
			isa = PBXGroup;
			children = (
				8090167D2BAE3B4100942AE7 /* CalculationResultView.swift */,
				8090167B2BAE3B3400942AE7 /* CalculationResultVC.swift */,
			);
			path = CalculationResultVC;
			sourceTree = "<group>";
		};
		8090167A2BAE3B1400942AE7 /* CalculationsVC */ = {
			isa = PBXGroup;
			children = (
				809016762BAE288900942AE7 /* CurrencyPairView */,
				809016742BAE234A00942AE7 /* CalculationsView.swift */,
				809016722BAE22E100942AE7 /* CalculationsVC.swift */,
			);
			path = CalculationsVC;
			sourceTree = "<group>";
		};
		809904452BA983480010334C = {
			isa = PBXGroup;
			children = (
				809904502BA983480010334C /* InterlinkedKnowledge */,
				8099044F2BA983480010334C /* Products */,
			);
			sourceTree = "<group>";
		};
		8099044F2BA983480010334C /* Products */ = {
			isa = PBXGroup;
			children = (
				8099044E2BA983480010334C /* InterlinkedKnowledge.app */,
			);
			name = Products;
			sourceTree = "<group>";
		};
		809904502BA983480010334C /* InterlinkedKnowledge */ = {
			isa = PBXGroup;
			children = (
				809904682BA9A2B10010334C /* App */,
				8099047D2BA9A3AA0010334C /* Code */,
				80F75BAA2BAD0586004C97AF /* Resources */,
			);
			path = InterlinkedKnowledge;
			sourceTree = "<group>";
		};
		809904682BA9A2B10010334C /* App */ = {
			isa = PBXGroup;
			children = (
				809904512BA983480010334C /* AppDelegate.swift */,
				809904532BA983480010334C /* SceneDelegate.swift */,
				809904622BA9834D0010334C /* Info.plist */,
				8099045F2BA9834D0010334C /* LaunchScreen.storyboard */,
				80F75B9A2BAD038C004C97AF /* DataManager */,
			);
			path = App;
			sourceTree = "<group>";
		};
		809904692BA9A3960010334C /* Splash */ = {
			isa = PBXGroup;
			children = (
				8099046A2BA9A3960010334C /* SplashVC.swift */,
				8099046B2BA9A3960010334C /* SplashView.swift */,
			);
			path = Splash;
			sourceTree = "<group>";
		};
		8099046C2BA9A39D0010334C /* Onboarding */ = {
			isa = PBXGroup;
			children = (
				8099046F2BA9A39D0010334C /* OnboardingData.swift */,
				801E1F222BAA21AA0081ECAB /* OnboardingView.swift */,
				801E1F242BAA2CEA0081ECAB /* OnboardingVC.swift */,
			);
			path = Onboarding;
			sourceTree = "<group>";
		};
		809904712BA9A3A20010334C /* SupportFiles */ = {
			isa = PBXGroup;
			children = (
				809904732BA9A3A20010334C /* CustomViews */,
				809904722BA9A3A20010334C /* BaseViewController.swift */,
				80F75BAB2BAD0734004C97AF /* ModalVC.swift */,
				809904782BA9A3A20010334C /* Double + Extension .swift */,
				809904792BA9A3A30010334C /* MyColors.swift */,
				8099047A2BA9A3A30010334C /* Date + Extension.swift */,
				8099047B2BA9A3A30010334C /* TabBarController.swift */,
				8099047C2BA9A3A30010334C /* Font + Extention.swift */,
				80DB41E82BB346A60081CFCE /* String + Extension.swift */,
			);
			path = SupportFiles;
			sourceTree = "<group>";
		};
		809904732BA9A3A20010334C /* CustomViews */ = {
			isa = PBXGroup;
			children = (
				809904742BA9A3A20010334C /* ProfileButtonView.swift */,
				809904752BA9A3A20010334C /* CustomTextFieldView.swift */,
				809904762BA9A3A20010334C /* CustomButtonView.swift */,
				809904772BA9A3A20010334C /* CustomPageControlView.swift */,
				80F75B982BACF6F9004C97AF /* TopRightButton.swift */,
			);
			path = CustomViews;
			sourceTree = "<group>";
		};
		8099047D2BA9A3AA0010334C /* Code */ = {
			isa = PBXGroup;
			children = (
				800BA7522BB247AA006A46C3 /* NetworkManager */,
				8099048E2BA9A4430010334C /* Flow */,
				809904712BA9A3A20010334C /* SupportFiles */,
			);
			path = Code;
			sourceTree = "<group>";
		};
		8099048E2BA9A4430010334C /* Flow */ = {
			isa = PBXGroup;
			children = (
				809904692BA9A3960010334C /* Splash */,
				8099046C2BA9A39D0010334C /* Onboarding */,
				801E1F262BAA3B140081ECAB /* Holidays */,
				809016712BAE22C900942AE7 /* Calculations */,
				801E1F2E2BAA4C790081ECAB /* SettingsVC */,
			);
			path = Flow;
			sourceTree = "<group>";
		};
		80AB8E862BB1984800851682 /* HolidayCostCell */ = {
			isa = PBXGroup;
			children = (
				80AB8E872BB1985F00851682 /* HolidayCostCell.swift */,
			);
			path = HolidayCostCell;
			sourceTree = "<group>";
		};
		80DB41EA2BB34D770081CFCE /* CurrencyInfoVC */ = {
			isa = PBXGroup;
			children = (
				80DB41EB2BB34D8B0081CFCE /* CurrencyInfoVC.swift */,
				80DB41ED2BB34D960081CFCE /* CurrencyInfoView.swift */,
			);
			path = CurrencyInfoVC;
			sourceTree = "<group>";
		};
		80F75B922BACEDFC004C97AF /* HolidaysVC */ = {
			isa = PBXGroup;
			children = (
				80F75BAD2BAD0892004C97AF /* HolidayCell */,
				801E1F2B2BAA3BA60081ECAB /* TotalInfoView */,
				801E1F272BAA3B240081ECAB /* HolidaysVC.swift */,
				801E1F292BAA3B2B0081ECAB /* HolidaysView.swift */,
			);
			path = HolidaysVC;
			sourceTree = "<group>";
		};
		80F75B932BACEE03004C97AF /* AddHolidayVC */ = {
			isa = PBXGroup;
			children = (
				80F75B942BACEE1A004C97AF /* AddHolidayVC.swift */,
				80F75B962BACEE26004C97AF /* AddHolidayView.swift */,
			);
			path = AddHolidayVC;
			sourceTree = "<group>";
		};
		80F75B9A2BAD038C004C97AF /* DataManager */ = {
			isa = PBXGroup;
			children = (
				80F75B9D2BAD03A5004C97AF /* Models */,
				8099045A2BA983480010334C /* InterlinkedKnowledge.xcdatamodeld */,
				80F75B9B2BAD039C004C97AF /* CoreDataManager.swift */,
			);
			path = DataManager;
			sourceTree = "<group>";
		};
		80F75B9D2BAD03A5004C97AF /* Models */ = {
			isa = PBXGroup;
			children = (
				80AB8E822BB1967300851682 /* HolidayCost.swift */,
				80F75BA72BAD0506004C97AF /* Holiday.swift */,
			);
			path = Models;
			sourceTree = "<group>";
		};
		80F75BAA2BAD0586004C97AF /* Resources */ = {
			isa = PBXGroup;
			children = (
				8099045D2BA9834D0010334C /* Assets.xcassets */,
			);
			path = Resources;
			sourceTree = "<group>";
		};
		80F75BAD2BAD0892004C97AF /* HolidayCell */ = {
			isa = PBXGroup;
			children = (
				80F75BAE2BAD08A6004C97AF /* HolidayCell.swift */,
			);
			path = HolidayCell;
			sourceTree = "<group>";
		};
		80F75BB12BAD1418004C97AF /* HolidayInfoVC */ = {
			isa = PBXGroup;
			children = (
				80F75BB22BAD14B0004C97AF /* HolidayInfoVC.swift */,
				80F75BB42BAD14E7004C97AF /* HolidayInfoView.swift */,
			);
			path = HolidayInfoVC;
			sourceTree = "<group>";
		};
/* End PBXGroup section */

/* Begin PBXNativeTarget section */
		8099044D2BA983480010334C /* InterlinkedKnowledge */ = {
			isa = PBXNativeTarget;
			buildConfigurationList = 809904652BA9834D0010334C /* Build configuration list for PBXNativeTarget "InterlinkedKnowledge" */;
			buildPhases = (
				8099044A2BA983480010334C /* Sources */,
				8099044B2BA983480010334C /* Frameworks */,
				8099044C2BA983480010334C /* Resources */,
				809904992BA9A64C0010334C /* Embed Frameworks */,
			);
			buildRules = (
			);
			dependencies = (
			);
			name = InterlinkedKnowledge;
			packageProductDependencies = (
				809904942BA9A6180010334C /* SnapKit */,
				809016802BAE417700942AE7 /* IQKeyboardManagerSwift */,
			);
			productName = InterlinkedKnowledge;
			productReference = 8099044E2BA983480010334C /* InterlinkedKnowledge.app */;
			productType = "com.apple.product-type.application";
		};
/* End PBXNativeTarget section */

/* Begin PBXProject section */
		809904462BA983480010334C /* Project object */ = {
			isa = PBXProject;
			attributes = {
				BuildIndependentTargetsInParallel = 1;
				LastSwiftUpdateCheck = 1520;
				LastUpgradeCheck = 1520;
				TargetAttributes = {
					8099044D2BA983480010334C = {
						CreatedOnToolsVersion = 15.2;
					};
				};
			};
			buildConfigurationList = 809904492BA983480010334C /* Build configuration list for PBXProject "InterlinkedKnowledge" */;
			compatibilityVersion = "Xcode 14.0";
			developmentRegion = en;
			hasScannedForEncodings = 0;
			knownRegions = (
				en,
				Base,
			);
			mainGroup = 809904452BA983480010334C;
			packageReferences = (
				8099048F2BA9A50A0010334C /* XCRemoteSwiftPackageReference "SnapKit" */,
				8090167F2BAE417700942AE7 /* XCRemoteSwiftPackageReference "IQKeyboardManager" */,
			);
			productRefGroup = 8099044F2BA983480010334C /* Products */;
			projectDirPath = "";
			projectRoot = "";
			targets = (
				8099044D2BA983480010334C /* InterlinkedKnowledge */,
			);
		};
/* End PBXProject section */

/* Begin PBXResourcesBuildPhase section */
		8099044C2BA983480010334C /* Resources */ = {
			isa = PBXResourcesBuildPhase;
			buildActionMask = 2147483647;
			files = (
				809904612BA9834D0010334C /* LaunchScreen.storyboard in Resources */,
				8099045E2BA9834D0010334C /* Assets.xcassets in Resources */,
			);
			runOnlyForDeploymentPostprocessing = 0;
		};
/* End PBXResourcesBuildPhase section */

/* Begin PBXSourcesBuildPhase section */
		8099044A2BA983480010334C /* Sources */ = {
			isa = PBXSourcesBuildPhase;
			buildActionMask = 2147483647;
			files = (
				809016732BAE22E100942AE7 /* CalculationsVC.swift in Sources */,
				8099047E2BA9A3C00010334C /* BaseViewController.swift in Sources */,
				801E1F322BAA4CCC0081ECAB /* SettingsView.swift in Sources */,
				80F75B992BACF6F9004C97AF /* TopRightButton.swift in Sources */,
				801E1F2A2BAA3B2B0081ECAB /* HolidaysView.swift in Sources */,
				80F75BB32BAD14B0004C97AF /* HolidayInfoVC.swift in Sources */,
				801E1F252BAA2CEA0081ECAB /* OnboardingVC.swift in Sources */,
				80AB8E882BB1985F00851682 /* HolidayCostCell.swift in Sources */,
				80F75BAC2BAD0734004C97AF /* ModalVC.swift in Sources */,
				809904842BA9A3CB0010334C /* CustomPageControlView.swift in Sources */,
				80AB8E842BB1967300851682 /* HolidayCost.swift in Sources */,
				800BA7552BB29427006A46C3 /* CurrencyListVC.swift in Sources */,
				809904812BA9A3C50010334C /* MyColors.swift in Sources */,
				800BA7572BB2943A006A46C3 /* CurrencyListView.swift in Sources */,
				809904802BA9A3C50010334C /* Font + Extention.swift in Sources */,
				80DB41EC2BB34D8B0081CFCE /* CurrencyInfoVC.swift in Sources */,
				809904832BA9A3C50010334C /* TabBarController.swift in Sources */,
				801E1F282BAA3B240081ECAB /* HolidaysVC.swift in Sources */,
				809016702BAE185F00942AE7 /* EditCardView.swift in Sources */,
				809016752BAE234A00942AE7 /* CalculationsView.swift in Sources */,
				8090167E2BAE3B4100942AE7 /* CalculationResultView.swift in Sources */,
				80F75BA92BAD0506004C97AF /* Holiday.swift in Sources */,
				8099048C2BA9A3E10010334C /* SplashVC.swift in Sources */,
				800BA75A2BB29515006A46C3 /* CurrencyCell.swift in Sources */,
				809904882BA9A3DC0010334C /* OnboardingData.swift in Sources */,
				801E1F2D2BAA3BC30081ECAB /* TotalInfoView.swift in Sources */,
				801E1F302BAA4CBC0081ECAB /* SettingsVC.swift in Sources */,
				809904522BA983480010334C /* AppDelegate.swift in Sources */,
				809904872BA9A3CB0010334C /* CustomButtonView.swift in Sources */,
				809904862BA9A3CB0010334C /* ProfileButtonView.swift in Sources */,
				8099045C2BA983480010334C /* InterlinkedKnowledge.xcdatamodeld in Sources */,
				80F75B972BACEE26004C97AF /* AddHolidayView.swift in Sources */,
				80F75BB52BAD14E7004C97AF /* HolidayInfoView.swift in Sources */,
				80F75BAF2BAD08A6004C97AF /* HolidayCell.swift in Sources */,
				809904542BA983480010334C /* SceneDelegate.swift in Sources */,
				809904822BA9A3C50010334C /* Double + Extension .swift in Sources */,
				809016782BAE289B00942AE7 /* CurrencyPairView.swift in Sources */,
				8090166E2BAE173400942AE7 /* EditCardsVC.swift in Sources */,
				80DB41EE2BB34D960081CFCE /* CurrencyInfoView.swift in Sources */,
				801E1F352BAA4CFD0081ECAB /* SettingsButtonView.swift in Sources */,
				8099047F2BA9A3C50010334C /* Date + Extension.swift in Sources */,
				8099048D2BA9A3E10010334C /* SplashView.swift in Sources */,
				8090167C2BAE3B3400942AE7 /* CalculationResultVC.swift in Sources */,
				80DB41E92BB346A60081CFCE /* String + Extension.swift in Sources */,
				801E1F232BAA21AA0081ECAB /* OnboardingView.swift in Sources */,
				809904852BA9A3CB0010334C /* CustomTextFieldView.swift in Sources */,
				80F75B9C2BAD039C004C97AF /* CoreDataManager.swift in Sources */,
				800BA7512BB24798006A46C3 /* NetworkManager.swift in Sources */,
				80F75B952BACEE1A004C97AF /* AddHolidayVC.swift in Sources */,
			);
			runOnlyForDeploymentPostprocessing = 0;
		};
/* End PBXSourcesBuildPhase section */

/* Begin PBXVariantGroup section */
		8099045F2BA9834D0010334C /* LaunchScreen.storyboard */ = {
			isa = PBXVariantGroup;
			children = (
				809904602BA9834D0010334C /* Base */,
			);
			name = LaunchScreen.storyboard;
			sourceTree = "<group>";
		};
/* End PBXVariantGroup section */

/* Begin XCBuildConfiguration section */
		809904632BA9834D0010334C /* Debug */ = {
			isa = XCBuildConfiguration;
			buildSettings = {
				ALWAYS_SEARCH_USER_PATHS = NO;
				ASSETCATALOG_COMPILER_GENERATE_SWIFT_ASSET_SYMBOL_EXTENSIONS = YES;
				CLANG_ANALYZER_NONNULL = YES;
				CLANG_ANALYZER_NUMBER_OBJECT_CONVERSION = YES_AGGRESSIVE;
				CLANG_CXX_LANGUAGE_STANDARD = "gnu++20";
				CLANG_ENABLE_MODULES = YES;
				CLANG_ENABLE_OBJC_ARC = YES;
				CLANG_ENABLE_OBJC_WEAK = YES;
				CLANG_WARN_BLOCK_CAPTURE_AUTORELEASING = YES;
				CLANG_WARN_BOOL_CONVERSION = YES;
				CLANG_WARN_COMMA = YES;
				CLANG_WARN_CONSTANT_CONVERSION = YES;
				CLANG_WARN_DEPRECATED_OBJC_IMPLEMENTATIONS = YES;
				CLANG_WARN_DIRECT_OBJC_ISA_USAGE = YES_ERROR;
				CLANG_WARN_DOCUMENTATION_COMMENTS = YES;
				CLANG_WARN_EMPTY_BODY = YES;
				CLANG_WARN_ENUM_CONVERSION = YES;
				CLANG_WARN_INFINITE_RECURSION = YES;
				CLANG_WARN_INT_CONVERSION = YES;
				CLANG_WARN_NON_LITERAL_NULL_CONVERSION = YES;
				CLANG_WARN_OBJC_IMPLICIT_RETAIN_SELF = YES;
				CLANG_WARN_OBJC_LITERAL_CONVERSION = YES;
				CLANG_WARN_OBJC_ROOT_CLASS = YES_ERROR;
				CLANG_WARN_QUOTED_INCLUDE_IN_FRAMEWORK_HEADER = YES;
				CLANG_WARN_RANGE_LOOP_ANALYSIS = YES;
				CLANG_WARN_STRICT_PROTOTYPES = YES;
				CLANG_WARN_SUSPICIOUS_MOVE = YES;
				CLANG_WARN_UNGUARDED_AVAILABILITY = YES_AGGRESSIVE;
				CLANG_WARN_UNREACHABLE_CODE = YES;
				CLANG_WARN__DUPLICATE_METHOD_MATCH = YES;
				COPY_PHASE_STRIP = NO;
				DEBUG_INFORMATION_FORMAT = dwarf;
				ENABLE_STRICT_OBJC_MSGSEND = YES;
				ENABLE_TESTABILITY = YES;
				ENABLE_USER_SCRIPT_SANDBOXING = YES;
				GCC_C_LANGUAGE_STANDARD = gnu17;
				GCC_DYNAMIC_NO_PIC = NO;
				GCC_NO_COMMON_BLOCKS = YES;
				GCC_OPTIMIZATION_LEVEL = 0;
				GCC_PREPROCESSOR_DEFINITIONS = (
					"DEBUG=1",
					"$(inherited)",
				);
				GCC_WARN_64_TO_32_BIT_CONVERSION = YES;
				GCC_WARN_ABOUT_RETURN_TYPE = YES_ERROR;
				GCC_WARN_UNDECLARED_SELECTOR = YES;
				GCC_WARN_UNINITIALIZED_AUTOS = YES_AGGRESSIVE;
				GCC_WARN_UNUSED_FUNCTION = YES;
				GCC_WARN_UNUSED_VARIABLE = YES;
				IPHONEOS_DEPLOYMENT_TARGET = 15.0;
				LOCALIZATION_PREFERS_STRING_CATALOGS = YES;
				MTL_ENABLE_DEBUG_INFO = INCLUDE_SOURCE;
				MTL_FAST_MATH = YES;
				ONLY_ACTIVE_ARCH = YES;
				SDKROOT = iphoneos;
				SWIFT_ACTIVE_COMPILATION_CONDITIONS = "DEBUG $(inherited)";
				SWIFT_OPTIMIZATION_LEVEL = "-Onone";
			};
			name = Debug;
		};
		809904642BA9834D0010334C /* Release */ = {
			isa = XCBuildConfiguration;
			buildSettings = {
				ALWAYS_SEARCH_USER_PATHS = NO;
				ASSETCATALOG_COMPILER_GENERATE_SWIFT_ASSET_SYMBOL_EXTENSIONS = YES;
				CLANG_ANALYZER_NONNULL = YES;
				CLANG_ANALYZER_NUMBER_OBJECT_CONVERSION = YES_AGGRESSIVE;
				CLANG_CXX_LANGUAGE_STANDARD = "gnu++20";
				CLANG_ENABLE_MODULES = YES;
				CLANG_ENABLE_OBJC_ARC = YES;
				CLANG_ENABLE_OBJC_WEAK = YES;
				CLANG_WARN_BLOCK_CAPTURE_AUTORELEASING = YES;
				CLANG_WARN_BOOL_CONVERSION = YES;
				CLANG_WARN_COMMA = YES;
				CLANG_WARN_CONSTANT_CONVERSION = YES;
				CLANG_WARN_DEPRECATED_OBJC_IMPLEMENTATIONS = YES;
				CLANG_WARN_DIRECT_OBJC_ISA_USAGE = YES_ERROR;
				CLANG_WARN_DOCUMENTATION_COMMENTS = YES;
				CLANG_WARN_EMPTY_BODY = YES;
				CLANG_WARN_ENUM_CONVERSION = YES;
				CLANG_WARN_INFINITE_RECURSION = YES;
				CLANG_WARN_INT_CONVERSION = YES;
				CLANG_WARN_NON_LITERAL_NULL_CONVERSION = YES;
				CLANG_WARN_OBJC_IMPLICIT_RETAIN_SELF = YES;
				CLANG_WARN_OBJC_LITERAL_CONVERSION = YES;
				CLANG_WARN_OBJC_ROOT_CLASS = YES_ERROR;
				CLANG_WARN_QUOTED_INCLUDE_IN_FRAMEWORK_HEADER = YES;
				CLANG_WARN_RANGE_LOOP_ANALYSIS = YES;
				CLANG_WARN_STRICT_PROTOTYPES = YES;
				CLANG_WARN_SUSPICIOUS_MOVE = YES;
				CLANG_WARN_UNGUARDED_AVAILABILITY = YES_AGGRESSIVE;
				CLANG_WARN_UNREACHABLE_CODE = YES;
				CLANG_WARN__DUPLICATE_METHOD_MATCH = YES;
				COPY_PHASE_STRIP = NO;
				DEBUG_INFORMATION_FORMAT = "dwarf-with-dsym";
				ENABLE_NS_ASSERTIONS = NO;
				ENABLE_STRICT_OBJC_MSGSEND = YES;
				ENABLE_USER_SCRIPT_SANDBOXING = YES;
				GCC_C_LANGUAGE_STANDARD = gnu17;
				GCC_NO_COMMON_BLOCKS = YES;
				GCC_WARN_64_TO_32_BIT_CONVERSION = YES;
				GCC_WARN_ABOUT_RETURN_TYPE = YES_ERROR;
				GCC_WARN_UNDECLARED_SELECTOR = YES;
				GCC_WARN_UNINITIALIZED_AUTOS = YES_AGGRESSIVE;
				GCC_WARN_UNUSED_FUNCTION = YES;
				GCC_WARN_UNUSED_VARIABLE = YES;
				IPHONEOS_DEPLOYMENT_TARGET = 15.0;
				LOCALIZATION_PREFERS_STRING_CATALOGS = YES;
				MTL_ENABLE_DEBUG_INFO = NO;
				MTL_FAST_MATH = YES;
				SDKROOT = iphoneos;
				SWIFT_COMPILATION_MODE = wholemodule;
				VALIDATE_PRODUCT = YES;
			};
			name = Release;
		};
		809904662BA9834D0010334C /* Debug */ = {
			isa = XCBuildConfiguration;
			buildSettings = {
				ASSETCATALOG_COMPILER_APPICON_NAME = AppIcon;
				ASSETCATALOG_COMPILER_GLOBAL_ACCENT_COLOR_NAME = AccentColor;
				CODE_SIGN_STYLE = Automatic;
				CURRENT_PROJECT_VERSION = 1;
				DEVELOPMENT_TEAM = 7VP863SW97;
				GENERATE_INFOPLIST_FILE = YES;
				INFOPLIST_FILE = InterlinkedKnowledge/App/Info.plist;
				INFOPLIST_KEY_UIApplicationSupportsIndirectInputEvents = YES;
				INFOPLIST_KEY_UILaunchStoryboardName = LaunchScreen;
				INFOPLIST_KEY_UISupportedInterfaceOrientations_iPad = "UIInterfaceOrientationPortrait UIInterfaceOrientationPortraitUpsideDown UIInterfaceOrientationLandscapeLeft UIInterfaceOrientationLandscapeRight";
				INFOPLIST_KEY_UISupportedInterfaceOrientations_iPhone = "UIInterfaceOrientationPortrait UIInterfaceOrientationLandscapeLeft UIInterfaceOrientationLandscapeRight";
				IPHONEOS_DEPLOYMENT_TARGET = 15.0;
				LD_RUNPATH_SEARCH_PATHS = (
					"$(inherited)",
					"@executable_path/Frameworks",
				);
				MARKETING_VERSION = 1.0;
				PRODUCT_BUNDLE_IDENTIFIER = com.bektemur.InterlinkedKnowledge;
				PRODUCT_NAME = "$(TARGET_NAME)";
				SWIFT_EMIT_LOC_STRINGS = YES;
				SWIFT_VERSION = 5.0;
				TARGETED_DEVICE_FAMILY = "1,2";
			};
			name = Debug;
		};
		809904672BA9834D0010334C /* Release */ = {
			isa = XCBuildConfiguration;
			buildSettings = {
				ASSETCATALOG_COMPILER_APPICON_NAME = AppIcon;
				ASSETCATALOG_COMPILER_GLOBAL_ACCENT_COLOR_NAME = AccentColor;
				CODE_SIGN_STYLE = Automatic;
				CURRENT_PROJECT_VERSION = 1;
				DEVELOPMENT_TEAM = 7VP863SW97;
				GENERATE_INFOPLIST_FILE = YES;
				INFOPLIST_FILE = InterlinkedKnowledge/App/Info.plist;
				INFOPLIST_KEY_UIApplicationSupportsIndirectInputEvents = YES;
				INFOPLIST_KEY_UILaunchStoryboardName = LaunchScreen;
				INFOPLIST_KEY_UISupportedInterfaceOrientations_iPad = "UIInterfaceOrientationPortrait UIInterfaceOrientationPortraitUpsideDown UIInterfaceOrientationLandscapeLeft UIInterfaceOrientationLandscapeRight";
				INFOPLIST_KEY_UISupportedInterfaceOrientations_iPhone = "UIInterfaceOrientationPortrait UIInterfaceOrientationLandscapeLeft UIInterfaceOrientationLandscapeRight";
				IPHONEOS_DEPLOYMENT_TARGET = 15.0;
				LD_RUNPATH_SEARCH_PATHS = (
					"$(inherited)",
					"@executable_path/Frameworks",
				);
				MARKETING_VERSION = 1.0;
				PRODUCT_BUNDLE_IDENTIFIER = com.bektemur.InterlinkedKnowledge;
				PRODUCT_NAME = "$(TARGET_NAME)";
				SWIFT_EMIT_LOC_STRINGS = YES;
				SWIFT_VERSION = 5.0;
				TARGETED_DEVICE_FAMILY = "1,2";
			};
			name = Release;
		};
/* End XCBuildConfiguration section */

/* Begin XCConfigurationList section */
		809904492BA983480010334C /* Build configuration list for PBXProject "InterlinkedKnowledge" */ = {
			isa = XCConfigurationList;
			buildConfigurations = (
				809904632BA9834D0010334C /* Debug */,
				809904642BA9834D0010334C /* Release */,
			);
			defaultConfigurationIsVisible = 0;
			defaultConfigurationName = Release;
		};
		809904652BA9834D0010334C /* Build configuration list for PBXNativeTarget "InterlinkedKnowledge" */ = {
			isa = XCConfigurationList;
			buildConfigurations = (
				809904662BA9834D0010334C /* Debug */,
				809904672BA9834D0010334C /* Release */,
			);
			defaultConfigurationIsVisible = 0;
			defaultConfigurationName = Release;
		};
/* End XCConfigurationList section */

/* Begin XCRemoteSwiftPackageReference section */
		8090167F2BAE417700942AE7 /* XCRemoteSwiftPackageReference "IQKeyboardManager" */ = {
			isa = XCRemoteSwiftPackageReference;
			repositoryURL = "https://github.com/hackiftekhar/IQKeyboardManager.git";
			requirement = {
				kind = upToNextMajorVersion;
				minimumVersion = 7.0.2;
			};
		};
		8099048F2BA9A50A0010334C /* XCRemoteSwiftPackageReference "SnapKit" */ = {
			isa = XCRemoteSwiftPackageReference;
			repositoryURL = "https://github.com/SnapKit/SnapKit.git";
			requirement = {
				kind = upToNextMajorVersion;
				minimumVersion = 5.7.1;
			};
		};
/* End XCRemoteSwiftPackageReference section */

/* Begin XCSwiftPackageProductDependency section */
		809016802BAE417700942AE7 /* IQKeyboardManagerSwift */ = {
			isa = XCSwiftPackageProductDependency;
			package = 8090167F2BAE417700942AE7 /* XCRemoteSwiftPackageReference "IQKeyboardManager" */;
			productName = IQKeyboardManagerSwift;
		};
		809904942BA9A6180010334C /* SnapKit */ = {
			isa = XCSwiftPackageProductDependency;
			package = 8099048F2BA9A50A0010334C /* XCRemoteSwiftPackageReference "SnapKit" */;
			productName = SnapKit;
		};
/* End XCSwiftPackageProductDependency section */

/* Begin XCVersionGroup section */
		8099045A2BA983480010334C /* InterlinkedKnowledge.xcdatamodeld */ = {
			isa = XCVersionGroup;
			children = (
				8099045B2BA983480010334C /* InterlinkedKnowledge.xcdatamodel */,
			);
			currentVersion = 8099045B2BA983480010334C /* InterlinkedKnowledge.xcdatamodel */;
			path = InterlinkedKnowledge.xcdatamodeld;
			sourceTree = "<group>";
			versionGroupType = wrapper.xcdatamodel;
		};
/* End XCVersionGroup section */
	};
	rootObject = 809904462BA983480010334C /* Project object */;
}
